
Microsoft Visual Studio Solution File, Format Version 12.00
# Visual Studio Version 16
VisualStudioVersion = 16.0.31112.23
MinimumVisualStudioVersion = 10.0.40219.1
Project("{FAE04EC0-301F-11D3-BF4B-00C04F79EFBC}") = "SEDC.PetShop", "SEDC.PetShop\SEDC.PetShop.csproj", "{4B7A8B43-407F-46F6-BC76-513F9D634312}"
EndProject
Project("{FAE04EC0-301F-11D3-BF4B-00C04F79EFBC}") = "SEDC.PetShop.Models", "SEDC.PetShop.Models\SEDC.PetShop.Models.csproj", "{A5C7CB71-EFA9-4DA5-8B76-152B520D01FA}"
EndProject
Global
	GlobalSection(SolutionConfigurationPlatforms) = preSolution
		Debug|Any CPU = Debug|Any CPU
		Release|Any CPU = Release|Any CPU
	EndGlobalSection
	GlobalSection(ProjectConfigurationPlatforms) = postSolution
		{4B7A8B43-407F-46F6-BC76-513F9D634312}.Debug|Any CPU.ActiveCfg = Debug|Any CPU
		{4B7A8B43-407F-46F6-BC76-513F9D634312}.Debug|Any CPU.Build.0 = Debug|Any CPU
		{4B7A8B43-407F-46F6-BC76-513F9D634312}.Release|Any CPU.ActiveCfg = Release|Any CPU
		{4B7A8B43-407F-46F6-BC76-513F9D634312}.Release|Any CPU.Build.0 = Release|Any CPU
		{A5C7CB71-EFA9-4DA5-8B76-152B520D01FA}.Debug|Any CPU.ActiveCfg = Debug|Any CPU
		{A5C7CB71-EFA9-4DA5-8B76-152B520D01FA}.Debug|Any CPU.Build.0 = Debug|Any CPU
		{A5C7CB71-EFA9-4DA5-8B76-152B520D01FA}.Release|Any CPU.ActiveCfg = Release|Any CPU
		{A5C7CB71-EFA9-4DA5-8B76-152B520D01FA}.Release|Any CPU.Build.0 = Release|Any CPU
	EndGlobalSection
	GlobalSection(SolutionProperties) = preSolution
		HideSolutionNode = FALSE
	EndGlobalSection
	GlobalSection(ExtensibilityGlobals) = postSolution
		SolutionGuid = {CD023DF6-CF78-42D5-B538-9AC4EF57E5BC}
	EndGlobalSection
EndGlobal
